
Microsoft Visual Studio Solution File, Format Version 12.00
# Visual Studio Version 16
VisualStudioVersion = 16.0.29411.108
MinimumVisualStudioVersion = 10.0.40219.1
Project("{FAE04EC0-301F-11D3-BF4B-00C04F79EFBC}") = "ShoppingWeb", "ShoppingWeb\ShoppingWeb.csproj", "{F380C304-5A48-4381-A1D6-4BF548ECCDC5}"
EndProject
Global
	GlobalSection(SolutionConfigurationPlatforms) = preSolution
		Debug|Any CPU = Debug|Any CPU
		Release|Any CPU = Release|Any CPU
	EndGlobalSection
	GlobalSection(ProjectConfigurationPlatforms) = postSolution
		{F380C304-5A48-4381-A1D6-4BF548ECCDC5}.Debug|Any CPU.ActiveCfg = Debug|Any CPU
		{F380C304-5A48-4381-A1D6-4BF548ECCDC5}.Debug|Any CPU.Build.0 = Debug|Any CPU
		{F380C304-5A48-4381-A1D6-4BF548ECCDC5}.Release|Any CPU.ActiveCfg = Release|Any CPU
		{F380C304-5A48-4381-A1D6-4BF548ECCDC5}.Release|Any CPU.Build.0 = Release|Any CPU
	EndGlobalSection
	GlobalSection(SolutionProperties) = preSolution
		HideSolutionNode = FALSE
	EndGlobalSection
	GlobalSection(ExtensibilityGlobals) = postSolution
		SolutionGuid = {BE5EA08A-21D4-451C-B020-393680088737}
	EndGlobalSection
EndGlobal
